dependencies:
  bluecherry-esp-idf:
    dependencies:
    - name: idf
      version: '>=4.1.0'
    source:
      path: C:\Users\arnou\_\_BLUECHERRY\bluecherry-esp-idf
      type: local
    targets:
    - esp32
    - esp32s2
    - esp32s3
    - esp32c3
    - esp32c6
    - esp32c5
    version: 1.1.0
  idf:
    source:
      type: idf
    version: 5.4.0
direct_dependencies:
- bluecherry-esp-idf
- idf
manifest_hash: 483bd58e0bedeb92b1986cd74b40a3abf7ea11b74ca6b46b211049515e62655d
target: esp32s3
version: 2.0.0
